{
  "requires": true,
  "lockfileVersion": 1,
  "dependencies": {
    "screenfull": {
      "version": "3.3.2",
      "resolved": "https://registry.npmjs.org/screenfull/-/screenfull-3.3.2.tgz",
      "integrity": "sha512-zrnT8EidEWGFkmXEa1d/YUYNvvJaMX05g4O82K+Oiy9jR6Fh3ZTsovsccJOjRJyhS0KPV7AQpDFQRAYXBl9a5A=="
    }
  }
}
